
Microsoft Visual Studio Solution File, Format Version 12.00
# Visual Studio Version 16
VisualStudioVersion = 16.0.29905.134
MinimumVisualStudioVersion = 10.0.40219.1
Project("{9A19103F-16F7-4668-BE54-9A1E7A4F7556}") = "Client", "Client\Client.csproj", "{919DF2BF-6584-4647-B0D6-7047DD095BA6}"
EndProject
Project("{9A19103F-16F7-4668-BE54-9A1E7A4F7556}") = "Server", "Server\Server.csproj", "{20767BFD-837E-49A1-8218-A508CAE5F123}"
EndProject
Project("{9A19103F-16F7-4668-BE54-9A1E7A4F7556}") = "Library", "Library\Library.csproj", "{4656867C-0EFD-4BB6-A90E-305886D6F46D}"
EndProject
Global
	GlobalSection(SolutionConfigurationPlatforms) = preSolution
		Debug|Any CPU = Debug|Any CPU
		Release|Any CPU = Release|Any CPU
	EndGlobalSection
	GlobalSection(ProjectConfigurationPlatforms) = postSolution
		{919DF2BF-6584-4647-B0D6-7047DD095BA6}.Debug|Any CPU.ActiveCfg = Debug|Any CPU
		{919DF2BF-6584-4647-B0D6-7047DD095BA6}.Debug|Any CPU.Build.0 = Debug|Any CPU
		{919DF2BF-6584-4647-B0D6-7047DD095BA6}.Release|Any CPU.ActiveCfg = Release|Any CPU
		{919DF2BF-6584-4647-B0D6-7047DD095BA6}.Release|Any CPU.Build.0 = Release|Any CPU
		{20767BFD-837E-49A1-8218-A508CAE5F123}.Debug|Any CPU.ActiveCfg = Debug|Any CPU
		{20767BFD-837E-49A1-8218-A508CAE5F123}.Debug|Any CPU.Build.0 = Debug|Any CPU
		{20767BFD-837E-49A1-8218-A508CAE5F123}.Release|Any CPU.ActiveCfg = Release|Any CPU
		{20767BFD-837E-49A1-8218-A508CAE5F123}.Release|Any CPU.Build.0 = Release|Any CPU
		{4656867C-0EFD-4BB6-A90E-305886D6F46D}.Debug|Any CPU.ActiveCfg = Debug|Any CPU
		{4656867C-0EFD-4BB6-A90E-305886D6F46D}.Debug|Any CPU.Build.0 = Debug|Any CPU
		{4656867C-0EFD-4BB6-A90E-305886D6F46D}.Release|Any CPU.ActiveCfg = Release|Any CPU
		{4656867C-0EFD-4BB6-A90E-305886D6F46D}.Release|Any CPU.Build.0 = Release|Any CPU
	EndGlobalSection
	GlobalSection(SolutionProperties) = preSolution
		HideSolutionNode = FALSE
	EndGlobalSection
	GlobalSection(ExtensibilityGlobals) = postSolution
		SolutionGuid = {2F306FC9-17D2-4A0D-B2B7-49AF031B2854}
	EndGlobalSection
EndGlobal
